
Microsoft Visual Studio Solution File, Format Version 12.00
# Visual Studio Version 17
VisualStudioVersion = 17.5.33530.505
MinimumVisualStudioVersion = 10.0.40219.1
Project("{FAE04EC0-301F-11D3-BF4B-00C04F79EFBC}") = "FullStack.API", "FullStack.API\FullStack.API.csproj", "{E3804F44-FC59-4F71-9066-1B9A59E7AE7B}"
EndProject
Global
	GlobalSection(SolutionConfigurationPlatforms) = preSolution
		Debug|Any CPU = Debug|Any CPU
		Release|Any CPU = Release|Any CPU
	EndGlobalSection
	GlobalSection(ProjectConfigurationPlatforms) = postSolution
		{E3804F44-FC59-4F71-9066-1B9A59E7AE7B}.Debug|Any CPU.ActiveCfg = Debug|Any CPU
		{E3804F44-FC59-4F71-9066-1B9A59E7AE7B}.Debug|Any CPU.Build.0 = Debug|Any CPU
		{E3804F44-FC59-4F71-9066-1B9A59E7AE7B}.Release|Any CPU.ActiveCfg = Release|Any CPU
		{E3804F44-FC59-4F71-9066-1B9A59E7AE7B}.Release|Any CPU.Build.0 = Release|Any CPU
	EndGlobalSection
	GlobalSection(SolutionProperties) = preSolution
		HideSolutionNode = FALSE
	EndGlobalSection
	GlobalSection(ExtensibilityGlobals) = postSolution
		SolutionGuid = {189A4D46-86DD-4E39-896D-8534505BC645}
	EndGlobalSection
EndGlobal
